{
  "requires": true,
  "lockfileVersion": 1,
  "dependencies": {
    "@tgrosinger/md-advanced-tables": {
      "version": "3.4.0",
      "resolved": "https://registry.npmjs.org/@tgrosinger/md-advanced-tables/-/md-advanced-tables-3.4.0.tgz",
      "integrity": "sha512-iY3MPJT2Qcu8zVSyBkvMCXjUJz1/xqYV9kjXo9VIZ+l9B9oztAe3unGbL7+PEHhSptknPlbG/cCjLlj7mlqBog==",
      "requires": {
        "ebnf": "1.9.0",
        "lodash": "4.17.20",
        "meaw": "5.0.0"
      }
    },
    "ebnf": {
      "version": "1.9.0",
      "resolved": "https://registry.npmjs.org/ebnf/-/ebnf-1.9.0.tgz",
      "integrity": "sha512-LKK899+j758AgPq00ms+y90mo+2P86fMKUWD28sH0zLKUj7aL6iIH2wy4jejAMM9I2BawJ+2kp6C3mMXj+Ii5g=="
    },
    "lodash": {
      "version": "4.17.20",
      "resolved": "https://registry.npmjs.org/lodash/-/lodash-4.17.20.tgz",
      "integrity": "sha512-PlhdFcillOINfeV7Ni6oF1TAEayyZBoZ8bcshTHqOYJYlrqzRK5hagpagky5o4HfCzzd1TRkXPMFq6cKk9rGmA=="
    },
    "meaw": {
      "version": "5.0.0",
      "resolved": "https://registry.npmjs.org/meaw/-/meaw-5.0.0.tgz",
      "integrity": "sha512-yaK9Pnj6JrLcQGEqDUS0WGUEiaFg9Q215isi8mzcDVOjeGr5oS863hu+/ZS49g+azKPo5Wbpk3tgkP2+YOyZZw=="
    }
  }
}
